// !$*UTF8*$!
{
	archiveVersion = 1;
	classes = {
	};
	objectVersion = 46;
	objects = {

/* Begin PBXBuildFile section */
		A680DAE61F6E38AE00344428 /* AppDelegate.swift in Sources */ = {isa = PBXBuildFile; fileRef = A680DAE51F6E38AE00344428 /* AppDelegate.swift */; };
		A680DAE81F6E38AE00344428 /* ViewController.swift in Sources */ = {isa = PBXBuildFile; fileRef = A680DAE71F6E38AE00344428 /* ViewController.swift */; };
		A680DAEB1F6E38AE00344428 /* Main.storyboard in Resources */ = {isa = PBXBuildFile; fileRef = A680DAE91F6E38AE00344428 /* Main.storyboard */; };
		A680DAED1F6E38AE00344428 /* Assets.xcassets in Resources */ = {isa = PBXBuildFile; fileRef = A680DAEC1F6E38AE00344428 /* Assets.xcassets */; };
		A680DAF01F6E38AE00344428 /* LaunchScreen.storyboard in Resources */ = {isa = PBXBuildFile; fileRef = A680DAEE1F6E38AE00344428 /* LaunchScreen.storyboard */; };
		A680DAFB1F6E38AE00344428 /* Monochrome21Tests.swift in Sources */ = {isa = PBXBuildFile; fileRef = A680DAFA1F6E38AE00344428 /* Monochrome21Tests.swift */; };
		A680DB081F6E558B00344428 /* fromLeftToRightSegue.swift in Sources */ = {isa = PBXBuildFile; fileRef = A680DB071F6E558B00344428 /* fromLeftToRightSegue.swift */; };
		A680DB0A1F6E55E600344428 /* UISwipeGestureRecognizer.swift in Sources */ = {isa = PBXBuildFile; fileRef = A680DB091F6E55E600344428 /* UISwipeGestureRecognizer.swift */; };
/* End PBXBuildFile section */

/* Begin PBXContainerItemProxy section */
		A680DAF71F6E38AE00344428 /* PBXContainerItemProxy */ = {
			isa = PBXContainerItemProxy;
			containerPortal = A680DADA1F6E38AE00344428 /* Project object */;
			proxyType = 1;
			remoteGlobalIDString = A680DAE11F6E38AE00344428;
			remoteInfo = Monochrome21;
		};
/* End PBXContainerItemProxy section */

/* Begin PBXFileReference section */
		A680DAE21F6E38AE00344428 /* Monochrome21.app */ = {isa = PBXFileReference; explicitFileType = wrapper.application; includeInIndex = 0; path = Monochrome21.app; sourceTree = BUILT_PRODUCTS_DIR; };
		A680DAE51F6E38AE00344428 /* AppDelegate.swift */ = {isa = PBXFileReference; lastKnownFileType = sourcecode.swift; path = AppDelegate.swift; sourceTree = "<group>"; };
		A680DAE71F6E38AE00344428 /* ViewController.swift */ = {isa = PBXFileReference; lastKnownFileType = sourcecode.swift; path = ViewController.swift; sourceTree = "<group>"; };
		A680DAEA1F6E38AE00344428 /* Base */ = {isa = PBXFileReference; lastKnownFileType = file.storyboard; name = Base; path = Base.lproj/Main.storyboard; sourceTree = "<group>"; };
		A680DAEC1F6E38AE00344428 /* Assets.xcassets */ = {isa = PBXFileReference; lastKnownFileType = folder.assetcatalog; path = Assets.xcassets; sourceTree = "<group>"; };
		A680DAEF1F6E38AE00344428 /* Base */ = {isa = PBXFileReference; lastKnownFileType = file.storyboard; name = Base; path = Base.lproj/LaunchScreen.storyboard; sourceTree = "<group>"; };
		A680DAF11F6E38AE00344428 /* Info.plist */ = {isa = PBXFileReference; lastKnownFileType = text.plist.xml; path = Info.plist; sourceTree = "<group>"; };
		A680DAF61F6E38AE00344428 /* Monochrome21Tests.xctest */ = {isa = PBXFileReference; explicitFileType = wrapper.cfbundle; includeInIndex = 0; path = Monochrome21Tests.xctest; sourceTree = BUILT_PRODUCTS_DIR; };
		A680DAFA1F6E38AE00344428 /* Monochrome21Tests.swift */ = {isa = PBXFileReference; lastKnownFileType = sourcecode.swift; path = Monochrome21Tests.swift; sourceTree = "<group>"; };
		A680DAFC1F6E38AE00344428 /* Info.plist */ = {isa = PBXFileReference; lastKnownFileType = text.plist.xml; path = Info.plist; sourceTree = "<group>"; };
		A680DB071F6E558B00344428 /* fromLeftToRightSegue.swift */ = {isa = PBXFileReference; fileEncoding = 4; lastKnownFileType = sourcecode.swift; path = fromLeftToRightSegue.swift; sourceTree = "<group>"; };
		A680DB091F6E55E600344428 /* UISwipeGestureRecognizer.swift */ = {isa = PBXFileReference; fileEncoding = 4; lastKnownFileType = sourcecode.swift; path = UISwipeGestureRecognizer.swift; sourceTree = "<group>"; };
/* End PBXFileReference section */

/* Begin PBXFrameworksBuildPhase section */
		A680DADF1F6E38AE00344428 /* Frameworks */ = {
			isa = PBXFrameworksBuildPhase;
			buildActionMask = 2147483647;
			files = (
			);
			runOnlyForDeploymentPostprocessing = 0;
		};
		A680DAF31F6E38AE00344428 /* Frameworks */ = {
			isa = PBXFrameworksBuildPhase;
			buildActionMask = 2147483647;
			files = (
			);
			runOnlyForDeploymentPostprocessing = 0;
		};
/* End PBXFrameworksBuildPhase section */

/* Begin PBXGroup section */
		A680DAD91F6E38AD00344428 = {
			isa = PBXGroup;
			children = (
				A680DAE41F6E38AE00344428 /* Monochrome21 */,
				A680DAF91F6E38AE00344428 /* Monochrome21Tests */,
				A680DAE31F6E38AE00344428 /* Products */,
			);
			sourceTree = "<group>";
		};
		A680DAE31F6E38AE00344428 /* Products */ = {
			isa = PBXGroup;
			children = (
				A680DAE21F6E38AE00344428 /* Monochrome21.app */,
				A680DAF61F6E38AE00344428 /* Monochrome21Tests.xctest */,
			);
			name = Products;
			sourceTree = "<group>";
		};
		A680DAE41F6E38AE00344428 /* Monochrome21 */ = {
			isa = PBXGroup;
			children = (
				A680DAE51F6E38AE00344428 /* AppDelegate.swift */,
				A680DAE71F6E38AE00344428 /* ViewController.swift */,
				A680DB071F6E558B00344428 /* fromLeftToRightSegue.swift */,
				A680DB091F6E55E600344428 /* UISwipeGestureRecognizer.swift */,
				A680DAE91F6E38AE00344428 /* Main.storyboard */,
				A680DAEC1F6E38AE00344428 /* Assets.xcassets */,
				A680DAEE1F6E38AE00344428 /* LaunchScreen.storyboard */,
				A680DAF11F6E38AE00344428 /* Info.plist */,
			);
			path = Monochrome21;
			sourceTree = "<group>";
		};
		A680DAF91F6E38AE00344428 /* Monochrome21Tests */ = {
			isa = PBXGroup;
			children = (
				A680DAFA1F6E38AE00344428 /* Monochrome21Tests.swift */,
				A680DAFC1F6E38AE00344428 /* Info.plist */,
			);
			path = Monochrome21Tests;
			sourceTree = "<group>";
		};
/* End PBXGroup section */

/* Begin PBXNativeTarget section */
		A680DAE11F6E38AE00344428 /* Monochrome21 */ = {
			isa = PBXNativeTarget;
			buildConfigurationList = A680DAFF1F6E38AE00344428 /* Build configuration list for PBXNativeTarget "Monochrome21" */;
			buildPhases = (
				A680DADE1F6E38AE00344428 /* Sources */,
				A680DADF1F6E38AE00344428 /* Frameworks */,
				A680DAE01F6E38AE00344428 /* Resources */,
			);
			buildRules = (
			);
			dependencies = (
			);
			name = Monochrome21;
			productName = Monochrome21;
			productReference = A680DAE21F6E38AE00344428 /* Monochrome21.app */;
			productType = "com.apple.product-type.application";
		};
		A680DAF51F6E38AE00344428 /* Monochrome21Tests */ = {
			isa = PBXNativeTarget;
			buildConfigurationList = A680DB021F6E38AE00344428 /* Build configuration list for PBXNativeTarget "Monochrome21Tests" */;
			buildPhases = (
				A680DAF21F6E38AE00344428 /* Sources */,
				A680DAF31F6E38AE00344428 /* Frameworks */,
				A680DAF41F6E38AE00344428 /* Resources */,
			);
			buildRules = (
			);
			dependencies = (
				A680DAF81F6E38AE00344428 /* PBXTargetDependency */,
			);
			name = Monochrome21Tests;
			productName = Monochrome21Tests;
			productReference = A680DAF61F6E38AE00344428 /* Monochrome21Tests.xctest */;
			productType = "com.apple.product-type.bundle.unit-test";
		};
/* End PBXNativeTarget section */

/* Begin PBXProject section */
		A680DADA1F6E38AE00344428 /* Project object */ = {
			isa = PBXProject;
			attributes = {
				LastSwiftUpdateCheck = 0830;
				LastUpgradeCheck = 0830;
				ORGANIZATIONNAME = rain;
				TargetAttributes = {
					A680DAE11F6E38AE00344428 = {
						CreatedOnToolsVersion = 8.3.3;
						DevelopmentTeam = F9VM56VW67;
						ProvisioningStyle = Automatic;
					};
					A680DAF51F6E38AE00344428 = {
						CreatedOnToolsVersion = 8.3.3;
						DevelopmentTeam = F9VM56VW67;
						ProvisioningStyle = Automatic;
						TestTargetID = A680DAE11F6E38AE00344428;
					};
				};
			};
			buildConfigurationList = A680DADD1F6E38AE00344428 /* Build configuration list for PBXProject "Monochrome21" */;
			compatibilityVersion = "Xcode 3.2";
			developmentRegion = English;
			hasScannedForEncodings = 0;
			knownRegions = (
				en,
				Base,
			);
			mainGroup = A680DAD91F6E38AD00344428;
			productRefGroup = A680DAE31F6E38AE00344428 /* Products */;
			projectDirPath = "";
			projectRoot = "";
			targets = (
				A680DAE11F6E38AE00344428 /* Monochrome21 */,
				A680DAF51F6E38AE00344428 /* Monochrome21Tests */,
			);
		};
/* End PBXProject section */

/* Begin PBXResourcesBuildPhase section */
		A680DAE01F6E38AE00344428 /* Resources */ = {
			isa = PBXResourcesBuildPhase;
			buildActionMask = 2147483647;
			files = (
				A680DAF01F6E38AE00344428 /* LaunchScreen.storyboard in Resources */,
				A680DAED1F6E38AE00344428 /* Assets.xcassets in Resources */,
				A680DAEB1F6E38AE00344428 /* Main.storyboard in Resources */,
			);
			runOnlyForDeploymentPostprocessing = 0;
		};
		A680DAF41F6E38AE00344428 /* Resources */ = {
			isa = PBXResourcesBuildPhase;
			buildActionMask = 2147483647;
			files = (
			);
			runOnlyForDeploymentPostprocessing = 0;
		};
/* End PBXResourcesBuildPhase section */

/* Begin PBXSourcesBuildPhase section */
		A680DADE1F6E38AE00344428 /* Sources */ = {
			isa = PBXSourcesBuildPhase;
			buildActionMask = 2147483647;
			files = (
				A680DAE81F6E38AE00344428 /* ViewController.swift in Sources */,
				A680DAE61F6E38AE00344428 /* AppDelegate.swift in Sources */,
				A680DB0A1F6E55E600344428 /* UISwipeGestureRecognizer.swift in Sources */,
				A680DB081F6E558B00344428 /* fromLeftToRightSegue.swift in Sources */,
			);
			runOnlyForDeploymentPostprocessing = 0;
		};
		A680DAF21F6E38AE00344428 /* Sources */ = {
			isa = PBXSourcesBuildPhase;
			buildActionMask = 2147483647;
			files = (
				A680DAFB1F6E38AE00344428 /* Monochrome21Tests.swift in Sources */,
			);
			runOnlyForDeploymentPostprocessing = 0;
		};
/* End PBXSourcesBuildPhase section */

/* Begin PBXTargetDependency section */
		A680DAF81F6E38AE00344428 /* PBXTargetDependency */ = {
			isa = PBXTargetDependency;
			target = A680DAE11F6E38AE00344428 /* Monochrome21 */;
			targetProxy = A680DAF71F6E38AE00344428 /* PBXContainerItemProxy */;
		};
/* End PBXTargetDependency section */

/* Begin PBXVariantGroup section */
		A680DAE91F6E38AE00344428 /* Main.storyboard */ = {
			isa = PBXVariantGroup;
			children = (
				A680DAEA1F6E38AE00344428 /* Base */,
			);
			name = Main.storyboard;
			sourceTree = "<group>";
		};
		A680DAEE1F6E38AE00344428 /* LaunchScreen.storyboard */ = {
			isa = PBXVariantGroup;
			children = (
				A680DAEF1F6E38AE00344428 /* Base */,
			);
			name = LaunchScreen.storyboard;
			sourceTree = "<group>";
		};
/* End PBXVariantGroup section */

/* Begin XCBuildConfiguration section */
		A680DAFD1F6E38AE00344428 /* Debug */ = {
			isa = XCBuildConfiguration;
			buildSettings = {
				ALWAYS_SEARCH_USER_PATHS = NO;
				CLANG_ANALYZER_NONNULL = YES;
				CLANG_ANALYZER_NUMBER_OBJECT_CONVERSION = YES_AGGRESSIVE;
				CLANG_CXX_LANGUAGE_STANDARD = "gnu++0x";
				CLANG_CXX_LIBRARY = "libc++";
				CLANG_ENABLE_MODULES = YES;
				CLANG_ENABLE_OBJC_ARC = YES;
				CLANG_WARN_BOOL_CONVERSION = YES;
				CLANG_WARN_CONSTANT_CONVERSION = YES;
				CLANG_WARN_DIRECT_OBJC_ISA_USAGE = YES_ERROR;
				CLANG_WARN_DOCUMENTATION_COMMENTS = YES;
				CLANG_WARN_EMPTY_BODY = YES;
				CLANG_WARN_ENUM_CONVERSION = YES;
				CLANG_WARN_INFINITE_RECURSION = YES;
				CLANG_WARN_INT_CONVERSION = YES;
				CLANG_WARN_OBJC_ROOT_CLASS = YES_ERROR;
				CLANG_WARN_SUSPICIOUS_MOVE = YES;
				CLANG_WARN_UNREACHABLE_CODE = YES;
				CLANG_WARN__DUPLICATE_METHOD_MATCH = YES;
				"CODE_SIGN_IDENTITY[sdk=iphoneos*]" = "iPhone Developer";
				COPY_PHASE_STRIP = NO;
				DEBUG_INFORMATION_FORMAT = dwarf;
				ENABLE_STRICT_OBJC_MSGSEND = YES;
				ENABLE_TESTABILITY = YES;
				GCC_C_LANGUAGE_STANDARD = gnu99;
				GCC_DYNAMIC_NO_PIC = NO;
				GCC_NO_COMMON_BLOCKS = YES;
				GCC_OPTIMIZATION_LEVEL = 0;
				GCC_PREPROCESSOR_DEFINITIONS = (
					"DEBUG=1",
					"$(inherited)",
				);
				GCC_WARN_64_TO_32_BIT_CONVERSION = YES;
				GCC_WARN_ABOUT_RETURN_TYPE = YES_ERROR;
				GCC_WARN_UNDECLARED_SELECTOR = YES;
				GCC_WARN_UNINITIALIZED_AUTOS = YES_AGGRESSIVE;
				GCC_WARN_UNUSED_FUNCTION = YES;
				GCC_WARN_UNUSED_VARIABLE = YES;
				IPHONEOS_DEPLOYMENT_TARGET = 10.3;
				MTL_ENABLE_DEBUG_INFO = YES;
				ONLY_ACTIVE_ARCH = YES;
				SDKROOT = iphoneos;
				SWIFT_ACTIVE_COMPILATION_CONDITIONS = DEBUG;
				SWIFT_OPTIMIZATION_LEVEL = "-Onone";
				TARGETED_DEVICE_FAMILY = "1,2";
			};
			name = Debug;
		};
		A680DAFE1F6E38AE00344428 /* Release */ = {
			isa = XCBuildConfiguration;
			buildSettings = {
				ALWAYS_SEARCH_USER_PATHS = NO;
				CLANG_ANALYZER_NONNULL = YES;
				CLANG_ANALYZER_NUMBER_OBJECT_CONVERSION = YES_AGGRESSIVE;
				CLANG_CXX_LANGUAGE_STANDARD = "gnu++0x";
				CLANG_CXX_LIBRARY = "libc++";
				CLANG_ENABLE_MODULES = YES;
				CLANG_ENABLE_OBJC_ARC = YES;
				CLANG_WARN_BOOL_CONVERSION = YES;
				CLANG_WARN_CONSTANT_CONVERSION = YES;
				CLANG_WARN_DIRECT_OBJC_ISA_USAGE = YES_ERROR;
				CLANG_WARN_DOCUMENTATION_COMMENTS = YES;
				CLANG_WARN_EMPTY_BODY = YES;
				CLANG_WARN_ENUM_CONVERSION = YES;
				CLANG_WARN_INFINITE_RECURSION = YES;
				CLANG_WARN_INT_CONVERSION = YES;
				CLANG_WARN_OBJC_ROOT_CLASS = YES_ERROR;
				CLANG_WARN_SUSPICIOUS_MOVE = YES;
				CLANG_WARN_UNREACHABLE_CODE = YES;
				CLANG_WARN__DUPLICATE_METHOD_MATCH = YES;
				"CODE_SIGN_IDENTITY[sdk=iphoneos*]" = "iPhone Developer";
				COPY_PHASE_STRIP = NO;
				DEBUG_INFORMATION_FORMAT = "dwarf-with-dsym";
				ENABLE_NS_ASSERTIONS = NO;
				ENABLE_STRICT_OBJC_MSGSEND = YES;
				GCC_C_LANGUAGE_STANDARD = gnu99;
				GCC_NO_COMMON_BLOCKS = YES;
				GCC_WARN_64_TO_32_BIT_CONVERSION = YES;
				GCC_WARN_ABOUT_RETURN_TYPE = YES_ERROR;
				GCC_WARN_UNDECLARED_SELECTOR = YES;
				GCC_WARN_UNINITIALIZED_AUTOS = YES_AGGRESSIVE;
				GCC_WARN_UNUSED_FUNCTION = YES;
				GCC_WARN_UNUSED_VARIABLE = YES;
				IPHONEOS_DEPLOYMENT_TARGET = 10.3;
				MTL_ENABLE_DEBUG_INFO = NO;
				SDKROOT = iphoneos;
				SWIFT_OPTIMIZATION_LEVEL = "-Owholemodule";
				TARGETED_DEVICE_FAMILY = "1,2";
				VALIDATE_PRODUCT = YES;
			};
			name = Release;
		};
		A680DB001F6E38AE00344428 /* Debug */ = {
			isa = XCBuildConfiguration;
			buildSettings = {
				ASSETCATALOG_COMPILER_APPICON_NAME = AppIcon;
				DEVELOPMENT_TEAM = F9VM56VW67;
				INFOPLIST_FILE = Monochrome21/Info.plist;
				LD_RUNPATH_SEARCH_PATHS = "$(inherited) @executable_path/Frameworks";
				PRODUCT_BUNDLE_IDENTIFIER = RAIN.Monochrome21;
				PRODUCT_NAME = "$(TARGET_NAME)";
				SWIFT_VERSION = 3.0;
			};
			name = Debug;
		};
		A680DB011F6E38AE00344428 /* Release */ = {
			isa = XCBuildConfiguration;
			buildSettings = {
				ASSETCATALOG_COMPILER_APPICON_NAME = AppIcon;
				DEVELOPMENT_TEAM = F9VM56VW67;
				INFOPLIST_FILE = Monochrome21/Info.plist;
				LD_RUNPATH_SEARCH_PATHS = "$(inherited) @executable_path/Frameworks";
				PRODUCT_BUNDLE_IDENTIFIER = RAIN.Monochrome21;
				PRODUCT_NAME = "$(TARGET_NAME)";
				SWIFT_VERSION = 3.0;
			};
			name = Release;
		};
		A680DB031F6E38AE00344428 /* Debug */ = {
			isa = XCBuildConfiguration;
			buildSettings = {
				ALWAYS_EMBED_SWIFT_STANDARD_LIBRARIES = YES;
				BUNDLE_LOADER = "$(TEST_HOST)";
				DEVELOPMENT_TEAM = F9VM56VW67;
				INFOPLIST_FILE = Monochrome21Tests/Info.plist;
				LD_RUNPATH_SEARCH_PATHS = "$(inherited) @executable_path/Frameworks @loader_path/Frameworks";
				PRODUCT_BUNDLE_IDENTIFIER = RAIN.Monochrome21Tests;
				PRODUCT_NAME = "$(TARGET_NAME)";
				SWIFT_VERSION = 3.0;
				TEST_HOST = "$(BUILT_PRODUCTS_DIR)/Monochrome21.app/Monochrome21";
			};
			name = Debug;
		};
		A680DB041F6E38AE00344428 /* Release */ = {
			isa = XCBuildConfiguration;
			buildSettings = {
				ALWAYS_EMBED_SWIFT_STANDARD_LIBRARIES = YES;
				BUNDLE_LOADER = "$(TEST_HOST)";
				DEVELOPMENT_TEAM = F9VM56VW67;
				INFOPLIST_FILE = Monochrome21Tests/Info.plist;
				LD_RUNPATH_SEARCH_PATHS = "$(inherited) @executable_path/Frameworks @loader_path/Frameworks";
				PRODUCT_BUNDLE_IDENTIFIER = RAIN.Monochrome21Tests;
				PRODUCT_NAME = "$(TARGET_NAME)";
				SWIFT_VERSION = 3.0;
				TEST_HOST = "$(BUILT_PRODUCTS_DIR)/Monochrome21.app/Monochrome21";
			};
			name = Release;
		};
/* End XCBuildConfiguration section */

/* Begin XCConfigurationList section */
		A680DADD1F6E38AE00344428 /* Build configuration list for PBXProject "Monochrome21" */ = {
			isa = XCConfigurationList;
			buildConfigurations = (
				A680DAFD1F6E38AE00344428 /* Debug */,
				A680DAFE1F6E38AE00344428 /* Release */,
			);
			defaultConfigurationIsVisible = 0;
			defaultConfigurationName = Release;
		};
		A680DAFF1F6E38AE00344428 /* Build configuration list for PBXNativeTarget "Monochrome21" */ = {
			isa = XCConfigurationList;
			buildConfigurations = (
				A680DB001F6E38AE00344428 /* Debug */,
				A680DB011F6E38AE00344428 /* Release */,
			);
			defaultConfigurationIsVisible = 0;
		};
		A680DB021F6E38AE00344428 /* Build configuration list for PBXNativeTarget "Monochrome21Tests" */ = {
			isa = XCConfigurationList;
			buildConfigurations = (
				A680DB031F6E38AE00344428 /* Debug */,
				A680DB041F6E38AE00344428 /* Release */,
			);
			defaultConfigurationIsVisible = 0;
		};
/* End XCConfigurationList section */
	};
	rootObject = A680DADA1F6E38AE00344428 /* Project object */;
}
